
Microsoft Visual Studio Solution File, Format Version 12.00
# Visual Studio 15
VisualStudioVersion = 15.0.27004.2010
MinimumVisualStudioVersion = 10.0.40219.1
Project("{9A19103F-16F7-4668-BE54-9A1E7A4F7556}") = "MadReflection.Osmotic", "MadReflection.Osmotic\MadReflection.Osmotic.csproj", "{DC1F93A2-D568-4929-AF97-52B89510239A}"
EndProject
Project("{9A19103F-16F7-4668-BE54-9A1E7A4F7556}") = "MadReflection.Osmotic.Tests", "MadReflection.Osmotic.Tests\MadReflection.Osmotic.Tests.csproj", "{C52698A6-579E-43D3-AD7D-BE09064835BA}"
EndProject
Project("{9A19103F-16F7-4668-BE54-9A1E7A4F7556}") = "MadReflection.Osmotic.Extensions", "MadReflection.Osmotic.Extensions\MadReflection.Osmotic.Extensions.csproj", "{1E001DF4-B842-47E3-9E30-D5530784866C}"
EndProject
Global
	GlobalSection(SolutionConfigurationPlatforms) = preSolution
		Debug|Any CPU = Debug|Any CPU
		Release|Any CPU = Release|Any CPU
	EndGlobalSection
	GlobalSection(ProjectConfigurationPlatforms) = postSolution
		{DC1F93A2-D568-4929-AF97-52B89510239A}.Debug|Any CPU.ActiveCfg = Debug|Any CPU
		{DC1F93A2-D568-4929-AF97-52B89510239A}.Debug|Any CPU.Build.0 = Debug|Any CPU
		{DC1F93A2-D568-4929-AF97-52B89510239A}.Release|Any CPU.ActiveCfg = Release|Any CPU
		{DC1F93A2-D568-4929-AF97-52B89510239A}.Release|Any CPU.Build.0 = Release|Any CPU
		{C52698A6-579E-43D3-AD7D-BE09064835BA}.Debug|Any CPU.ActiveCfg = Debug|Any CPU
		{C52698A6-579E-43D3-AD7D-BE09064835BA}.Debug|Any CPU.Build.0 = Debug|Any CPU
		{C52698A6-579E-43D3-AD7D-BE09064835BA}.Release|Any CPU.ActiveCfg = Release|Any CPU
		{C52698A6-579E-43D3-AD7D-BE09064835BA}.Release|Any CPU.Build.0 = Release|Any CPU
		{1E001DF4-B842-47E3-9E30-D5530784866C}.Debug|Any CPU.ActiveCfg = Debug|Any CPU
		{1E001DF4-B842-47E3-9E30-D5530784866C}.Debug|Any CPU.Build.0 = Debug|Any CPU
		{1E001DF4-B842-47E3-9E30-D5530784866C}.Release|Any CPU.ActiveCfg = Release|Any CPU
		{1E001DF4-B842-47E3-9E30-D5530784866C}.Release|Any CPU.Build.0 = Release|Any CPU
	EndGlobalSection
	GlobalSection(SolutionProperties) = preSolution
		HideSolutionNode = FALSE
	EndGlobalSection
	GlobalSection(ExtensibilityGlobals) = postSolution
		SolutionGuid = {806C5A00-DFB1-4326-A77D-4621C02DA65A}
	EndGlobalSection
EndGlobal
